# This file is automatically @generated by Cargo.
# It is not intended for manual editing.
version = 3

[[package]]
name = "mpl"
version = "0.2.0"

[[package]]
name = "mpl"
version = "0.2.0"
source = "registry+https://github.com/rust-lang/crates.io-index"
checksum = "4f5bf88457102919eb498988955620b10fe1c6b28a938afd62a95030fedc391e"

[[package]]
name = "mpl-macro"
version = "0.1.1"
dependencies = [
 "mpl 0.2.0 (registry+https://github.com/rust-lang/crates.io-index)",
 "proc-macro2",
 "quote",
 "syn",
]

[[package]]
name = "mpl-macro"
version = "0.1.1"
source = "registry+https://github.com/rust-lang/crates.io-index"
checksum = "bea4685e971a436a14a427ba3492219e380e79306a14edcad39f913a09e57945"
dependencies = [
 "mpl 0.2.0 (registry+https://github.com/rust-lang/crates.io-index)",
 "proc-macro2",
 "quote",
 "syn",
]

[[package]]
name = "paren"
version = "0.1.0"
dependencies = [
 "mpl 0.2.0 (registry+https://github.com/rust-lang/crates.io-index)",
 "mpl-macro 0.1.1 (registry+https://github.com/rust-lang/crates.io-index)",
]

[[package]]
name = "proc-macro2"
version = "1.0.36"
source = "registry+https://github.com/rust-lang/crates.io-index"
checksum = "c7342d5883fbccae1cc37a2353b09c87c9b0f3afd73f5fb9bba687a1f733b029"
dependencies = [
 "unicode-xid",
]

[[package]]
name = "quote"
version = "1.0.14"
source = "registry+https://github.com/rust-lang/crates.io-index"
checksum = "47aa80447ce4daf1717500037052af176af5d38cc3e571d9ec1c7353fc10c87d"
dependencies = [
 "proc-macro2",
]

[[package]]
name = "syn"
version = "1.0.86"
source = "registry+https://github.com/rust-lang/crates.io-index"
checksum = "8a65b3f4ffa0092e9887669db0eae07941f023991ab58ea44da8fe8e2d511c6b"
dependencies = [
 "proc-macro2",
 "quote",
 "unicode-xid",
]

[[package]]
name = "unicode-xid"
version = "0.2.2"
source = "registry+https://github.com/rust-lang/crates.io-index"
checksum = "8ccb82d61f80a663efe1f787a51b16b5a51e3314d6ac365b08639f52387b33f3"
